
Microsoft Visual Studio Solution File, Format Version 12.00
# Visual Studio 2012
Project("{D954291E-2A0B-460D-934E-DC6B0785DB48}") = "entekrishiv2", "entekrishiv2\entekrishiv2.shproj", "{18A2A194-B12A-40F5-BA7D-6F0BA28DD3BE}"
EndProject
Project("{FAE04EC0-301F-11D3-BF4B-00C04F79EFBC}") = "entekrishiv2.iOS", "iOS\entekrishiv2.iOS.csproj", "{6EAAFA28-3DF1-48BB-B3E1-9817CAA4EFB3}"
EndProject
Project("{FAE04EC0-301F-11D3-BF4B-00C04F79EFBC}") = "entekrishiv2.Droid", "Droid\entekrishiv2.Droid.csproj", "{11467C94-00B4-45F5-BA38-5708B6570717}"
EndProject
Global
	GlobalSection(SolutionConfigurationPlatforms) = preSolution
		Debug|iPhoneSimulator = Debug|iPhoneSimulator
		Release|iPhone = Release|iPhone
		Release|iPhoneSimulator = Release|iPhoneSimulator
		Debug|iPhone = Debug|iPhone
		Debug|Any CPU = Debug|Any CPU
		Release|Any CPU = Release|Any CPU
	EndGlobalSection
	GlobalSection(ProjectConfigurationPlatforms) = postSolution
		{6EAAFA28-3DF1-48BB-B3E1-9817CAA4EFB3}.Debug|iPhoneSimulator.ActiveCfg = Debug|iPhoneSimulator
		{6EAAFA28-3DF1-48BB-B3E1-9817CAA4EFB3}.Debug|iPhoneSimulator.Build.0 = Debug|iPhoneSimulator
		{6EAAFA28-3DF1-48BB-B3E1-9817CAA4EFB3}.Release|iPhone.ActiveCfg = Release|iPhone
		{6EAAFA28-3DF1-48BB-B3E1-9817CAA4EFB3}.Release|iPhone.Build.0 = Release|iPhone
		{6EAAFA28-3DF1-48BB-B3E1-9817CAA4EFB3}.Release|iPhoneSimulator.ActiveCfg = Release|iPhoneSimulator
		{6EAAFA28-3DF1-48BB-B3E1-9817CAA4EFB3}.Release|iPhoneSimulator.Build.0 = Release|iPhoneSimulator
		{6EAAFA28-3DF1-48BB-B3E1-9817CAA4EFB3}.Debug|iPhone.ActiveCfg = Debug|iPhone
		{6EAAFA28-3DF1-48BB-B3E1-9817CAA4EFB3}.Debug|iPhone.Build.0 = Debug|iPhone
		{6EAAFA28-3DF1-48BB-B3E1-9817CAA4EFB3}.Debug|Any CPU.ActiveCfg = Debug|iPhoneSimulator
		{6EAAFA28-3DF1-48BB-B3E1-9817CAA4EFB3}.Debug|Any CPU.Build.0 = Debug|iPhoneSimulator
		{6EAAFA28-3DF1-48BB-B3E1-9817CAA4EFB3}.Release|Any CPU.ActiveCfg = Release|iPhone
		{6EAAFA28-3DF1-48BB-B3E1-9817CAA4EFB3}.Release|Any CPU.Build.0 = Release|iPhone
		{11467C94-00B4-45F5-BA38-5708B6570717}.Debug|iPhoneSimulator.ActiveCfg = Debug|Any CPU
		{11467C94-00B4-45F5-BA38-5708B6570717}.Debug|iPhoneSimulator.Build.0 = Debug|Any CPU
		{11467C94-00B4-45F5-BA38-5708B6570717}.Release|iPhone.ActiveCfg = Release|Any CPU
		{11467C94-00B4-45F5-BA38-5708B6570717}.Release|iPhone.Build.0 = Release|Any CPU
		{11467C94-00B4-45F5-BA38-5708B6570717}.Release|iPhoneSimulator.ActiveCfg = Release|Any CPU
		{11467C94-00B4-45F5-BA38-5708B6570717}.Release|iPhoneSimulator.Build.0 = Release|Any CPU
		{11467C94-00B4-45F5-BA38-5708B6570717}.Debug|iPhone.ActiveCfg = Debug|Any CPU
		{11467C94-00B4-45F5-BA38-5708B6570717}.Debug|iPhone.Build.0 = Debug|Any CPU
		{11467C94-00B4-45F5-BA38-5708B6570717}.Debug|Any CPU.ActiveCfg = Debug|Any CPU
		{11467C94-00B4-45F5-BA38-5708B6570717}.Debug|Any CPU.Build.0 = Debug|Any CPU
		{11467C94-00B4-45F5-BA38-5708B6570717}.Release|Any CPU.ActiveCfg = Release|Any CPU
		{11467C94-00B4-45F5-BA38-5708B6570717}.Release|Any CPU.Build.0 = Release|Any CPU
	EndGlobalSection
EndGlobal
